// !$*UTF8*$!
{
	archiveVersion = 1;
	classes = {
	};
	objectVersion = 56;
	objects = {

/* Begin PBXBuildFile section */
		101000000000000000000001 /* BookLoopApp.swift in Sources */ = {isa = PBXBuildFile; fileRef = 102000000000000000000001 /* BookLoopApp.swift */; };
		101000000000000000000002 /* Models.swift in Sources */ = {isa = PBXBuildFile; fileRef = 102000000000000000000002 /* Models.swift */; };
		101000000000000000000003 /* Stores.swift in Sources */ = {isa = PBXBuildFile; fileRef = 102000000000000000000003 /* Stores.swift */; };
		101000000000000000000004 /* Services.swift in Sources */ = {isa = PBXBuildFile; fileRef = 102000000000000000000004 /* Services.swift */; };
		101000000000000000000005 /* Views.swift in Sources */ = {isa = PBXBuildFile; fileRef = 102000000000000000000005 /* Views.swift */; };
		101000000000000000000006 /* WebView.swift in Sources */ = {isa = PBXBuildFile; fileRef = 102000000000000000000006 /* WebView.swift */; };
		101000000000000000000007 /* Utilities.swift in Sources */ = {isa = PBXBuildFile; fileRef = 102000000000000000000007 /* Utilities.swift */; };
		101000000000000000000008 /* ChapterNavModels.swift in Sources */ = {isa = PBXBuildFile; fileRef = 102000000000000000000009 /* ChapterNavModels.swift */; };
		101000000000000000000009 /* ChatModels.swift in Sources */ = {isa = PBXBuildFile; fileRef = 10200000000000000000000A /* ChatModels.swift */; };
		10100000000000000000000A /* AppSettingsStore.swift in Sources */ = {isa = PBXBuildFile; fileRef = 10200000000000000000000B /* AppSettingsStore.swift */; };
		10100000000000000000000B /* KeychainStore.swift in Sources */ = {isa = PBXBuildFile; fileRef = 10200000000000000000000C /* KeychainStore.swift */; };
		10100000000000000000000C /* OpenAIClient.swift in Sources */ = {isa = PBXBuildFile; fileRef = 10200000000000000000000D /* OpenAIClient.swift */; };
		10100000000000000000000D /* URLHelpers.swift in Sources */ = {isa = PBXBuildFile; fileRef = 10200000000000000000000E /* URLHelpers.swift */; };
		10100000000000000000000E /* ContentView.swift in Sources */ = {isa = PBXBuildFile; fileRef = 10200000000000000000000F /* ContentView.swift */; };
		10100000000000000000000F /* LibrarySidebarView.swift in Sources */ = {isa = PBXBuildFile; fileRef = 102000000000000000000010 /* LibrarySidebarView.swift */; };
		101000000000000000000010 /* BookPreviewView.swift in Sources */ = {isa = PBXBuildFile; fileRef = 102000000000000000000011 /* BookPreviewView.swift */; };
		101000000000000000000011 /* ChatPanelView.swift in Sources */ = {isa = PBXBuildFile; fileRef = 102000000000000000000012 /* ChatPanelView.swift */; };
		101000000000000000000012 /* AppSettingsView.swift in Sources */ = {isa = PBXBuildFile; fileRef = 102000000000000000000013 /* AppSettingsView.swift */; };
		101000000000000000000013 /* BookProjectConfig.swift in Sources */ = {isa = PBXBuildFile; fileRef = 102000000000000000000014 /* BookProjectConfig.swift */; };
		101000000000000000000014 /* ProjectMap.swift in Sources */ = {isa = PBXBuildFile; fileRef = 102000000000000000000015 /* ProjectMap.swift */; };
		101000000000000000000015 /* ProjectPathGuard.swift in Sources */ = {isa = PBXBuildFile; fileRef = 102000000000000000000016 /* ProjectPathGuard.swift */; };
		101000000000000000000016 /* ProjectScanner.swift in Sources */ = {isa = PBXBuildFile; fileRef = 102000000000000000000017 /* ProjectScanner.swift */; };
		101000000000000000000017 /* SearchIndex.swift in Sources */ = {isa = PBXBuildFile; fileRef = 102000000000000000000018 /* SearchIndex.swift */; };
		101000000000000000000018 /* BookProject.swift in Sources */ = {isa = PBXBuildFile; fileRef = 102000000000000000000019 /* BookProject.swift */; };
		101000000000000000000019 /* ProcessRunner.swift in Sources */ = {isa = PBXBuildFile; fileRef = 10200000000000000000001A /* ProcessRunner.swift */; };
		10100000000000000000001A /* AgentTools.swift in Sources */ = {isa = PBXBuildFile; fileRef = 10200000000000000000001B /* AgentTools.swift */; };
		10100000000000000000001B /* OpenAIToolModels.swift in Sources */ = {isa = PBXBuildFile; fileRef = 10200000000000000000001C /* OpenAIToolModels.swift */; };
		10100000000000000000001C /* AgentModels.swift in Sources */ = {isa = PBXBuildFile; fileRef = 10200000000000000000001D /* AgentModels.swift */; };
		10100000000000000000001D /* BookAgent.swift in Sources */ = {isa = PBXBuildFile; fileRef = 10200000000000000000001E /* BookAgent.swift */; };
		10100000000000000000001E /* AgentPanelView.swift in Sources */ = {isa = PBXBuildFile; fileRef = 10200000000000000000001F /* AgentPanelView.swift */; };
		10100000000000000000001F /* AgentPatchExporter.swift in Sources */ = {isa = PBXBuildFile; fileRef = 102000000000000000000020 /* AgentPatchExporter.swift */; };
		101000000000000000000020 /* PatchActionPanel.swift in Sources */ = {isa = PBXBuildFile; fileRef = 102000000000000000000021 /* PatchActionPanel.swift */; };
		101000000000000000000021 /* NavConfigLoader.swift in Sources */ = {isa = PBXBuildFile; fileRef = 102000000000000000000022 /* NavConfigLoader.swift */; };
		101000000000000000000022 /* BookMarkdownRenderer.swift in Sources */ = {isa = PBXBuildFile; fileRef = 102000000000000000000023 /* BookMarkdownRenderer.swift */; };
		101000000000000000000029 /* BookStylesheetResolver.swift in Sources */ = {isa = PBXBuildFile; fileRef = 10200000000000000000002A /* BookStylesheetResolver.swift */; };
		10100000000000000000002A /* BookloopYamlConfig.swift in Sources */ = {isa = PBXBuildFile; fileRef = 10200000000000000000002B /* BookloopYamlConfig.swift */; };
		10100000000000000000002B /* BookloopThemeCSSGenerator.swift in Sources */ = {isa = PBXBuildFile; fileRef = 10200000000000000000002C /* BookloopThemeCSSGenerator.swift */; };
		10100000000000000000002C /* material-typeset.css in Resources */ = {isa = PBXBuildFile; fileRef = 10200000000000000000002D /* material-typeset.css */; };
		101000000000000000000023 /* preview.css in Resources */ = {isa = PBXBuildFile; fileRef = 102000000000000000000024 /* preview.css */; };
		101000000000000000000024 /* preview.js in Resources */ = {isa = PBXBuildFile; fileRef = 102000000000000000000025 /* preview.js */; };
		101000000000000000000025 /* markdown-it.min.js in Resources */ = {isa = PBXBuildFile; fileRef = 102000000000000000000026 /* markdown-it.min.js */; };
		101000000000000000000026 /* katex.min.js in Resources */ = {isa = PBXBuildFile; fileRef = 102000000000000000000027 /* katex.min.js */; };
		101000000000000000000027 /* katex-auto-render.min.js in Resources */ = {isa = PBXBuildFile; fileRef = 102000000000000000000028 /* katex-auto-render.min.js */; };
		101000000000000000000028 /* katex.min.css in Resources */ = {isa = PBXBuildFile; fileRef = 102000000000000000000029 /* katex.min.css */; };
		10C000000000000000000001 /* Yams in Frameworks */ = {isa = PBXBuildFile; productRef = 10B000000000000000000001 /* Yams */; };
/* End PBXBuildFile section */

/* Begin PBXFileReference section */
		102000000000000000000001 /* BookLoopApp.swift */ = {isa = PBXFileReference; lastKnownFileType = sourcecode.swift; path = BookLoopApp.swift; sourceTree = "<group>"; };
		102000000000000000000002 /* Models.swift */ = {isa = PBXFileReference; lastKnownFileType = sourcecode.swift; path = Models.swift; sourceTree = "<group>"; };
		102000000000000000000003 /* Stores.swift */ = {isa = PBXFileReference; lastKnownFileType = sourcecode.swift; path = Stores.swift; sourceTree = "<group>"; };
		102000000000000000000004 /* Services.swift */ = {isa = PBXFileReference; lastKnownFileType = sourcecode.swift; path = Services.swift; sourceTree = "<group>"; };
		102000000000000000000005 /* Views.swift */ = {isa = PBXFileReference; lastKnownFileType = sourcecode.swift; path = Views.swift; sourceTree = "<group>"; };
		102000000000000000000006 /* WebView.swift */ = {isa = PBXFileReference; lastKnownFileType = sourcecode.swift; path = WebView.swift; sourceTree = "<group>"; };
		102000000000000000000007 /* Utilities.swift */ = {isa = PBXFileReference; lastKnownFileType = sourcecode.swift; path = Utilities.swift; sourceTree = "<group>"; };
		102000000000000000000008 /* BookLoop.app */ = {isa = PBXFileReference; explicitFileType = wrapper.application; includeInIndex = 0; path = BookLoop.app; sourceTree = BUILT_PRODUCTS_DIR; };
		102000000000000000000009 /* ChapterNavModels.swift */ = {isa = PBXFileReference; lastKnownFileType = sourcecode.swift; path = ChapterNavModels.swift; sourceTree = "<group>"; };
		10200000000000000000000A /* ChatModels.swift */ = {isa = PBXFileReference; lastKnownFileType = sourcecode.swift; path = ChatModels.swift; sourceTree = "<group>"; };
		10200000000000000000000B /* AppSettingsStore.swift */ = {isa = PBXFileReference; lastKnownFileType = sourcecode.swift; path = AppSettingsStore.swift; sourceTree = "<group>"; };
		10200000000000000000000C /* KeychainStore.swift */ = {isa = PBXFileReference; lastKnownFileType = sourcecode.swift; path = KeychainStore.swift; sourceTree = "<group>"; };
		10200000000000000000000D /* OpenAIClient.swift */ = {isa = PBXFileReference; lastKnownFileType = sourcecode.swift; path = OpenAIClient.swift; sourceTree = "<group>"; };
		10200000000000000000000E /* URLHelpers.swift */ = {isa = PBXFileReference; lastKnownFileType = sourcecode.swift; path = URLHelpers.swift; sourceTree = "<group>"; };
		10200000000000000000000F /* ContentView.swift */ = {isa = PBXFileReference; lastKnownFileType = sourcecode.swift; path = ContentView.swift; sourceTree = "<group>"; };
		102000000000000000000010 /* LibrarySidebarView.swift */ = {isa = PBXFileReference; lastKnownFileType = sourcecode.swift; path = LibrarySidebarView.swift; sourceTree = "<group>"; };
		102000000000000000000011 /* BookPreviewView.swift */ = {isa = PBXFileReference; lastKnownFileType = sourcecode.swift; path = BookPreviewView.swift; sourceTree = "<group>"; };
		102000000000000000000012 /* ChatPanelView.swift */ = {isa = PBXFileReference; lastKnownFileType = sourcecode.swift; path = ChatPanelView.swift; sourceTree = "<group>"; };
		102000000000000000000013 /* AppSettingsView.swift */ = {isa = PBXFileReference; lastKnownFileType = sourcecode.swift; path = AppSettingsView.swift; sourceTree = "<group>"; };
		102000000000000000000014 /* BookProjectConfig.swift */ = {isa = PBXFileReference; lastKnownFileType = sourcecode.swift; path = BookProjectConfig.swift; sourceTree = "<group>"; };
		102000000000000000000015 /* ProjectMap.swift */ = {isa = PBXFileReference; lastKnownFileType = sourcecode.swift; path = ProjectMap.swift; sourceTree = "<group>"; };
		102000000000000000000016 /* ProjectPathGuard.swift */ = {isa = PBXFileReference; lastKnownFileType = sourcecode.swift; path = ProjectPathGuard.swift; sourceTree = "<group>"; };
		102000000000000000000017 /* ProjectScanner.swift */ = {isa = PBXFileReference; lastKnownFileType = sourcecode.swift; path = ProjectScanner.swift; sourceTree = "<group>"; };
		102000000000000000000018 /* SearchIndex.swift */ = {isa = PBXFileReference; lastKnownFileType = sourcecode.swift; path = SearchIndex.swift; sourceTree = "<group>"; };
		102000000000000000000019 /* BookProject.swift */ = {isa = PBXFileReference; lastKnownFileType = sourcecode.swift; path = BookProject.swift; sourceTree = "<group>"; };
		10200000000000000000001A /* ProcessRunner.swift */ = {isa = PBXFileReference; lastKnownFileType = sourcecode.swift; path = ProcessRunner.swift; sourceTree = "<group>"; };
		10200000000000000000001B /* AgentTools.swift */ = {isa = PBXFileReference; lastKnownFileType = sourcecode.swift; path = AgentTools.swift; sourceTree = "<group>"; };
		10200000000000000000001C /* OpenAIToolModels.swift */ = {isa = PBXFileReference; lastKnownFileType = sourcecode.swift; path = OpenAIToolModels.swift; sourceTree = "<group>"; };
		10200000000000000000001D /* AgentModels.swift */ = {isa = PBXFileReference; lastKnownFileType = sourcecode.swift; path = AgentModels.swift; sourceTree = "<group>"; };
		10200000000000000000001E /* BookAgent.swift */ = {isa = PBXFileReference; lastKnownFileType = sourcecode.swift; path = BookAgent.swift; sourceTree = "<group>"; };
		10200000000000000000001F /* AgentPanelView.swift */ = {isa = PBXFileReference; lastKnownFileType = sourcecode.swift; path = AgentPanelView.swift; sourceTree = "<group>"; };
		102000000000000000000020 /* AgentPatchExporter.swift */ = {isa = PBXFileReference; lastKnownFileType = sourcecode.swift; path = AgentPatchExporter.swift; sourceTree = "<group>"; };
		102000000000000000000021 /* PatchActionPanel.swift */ = {isa = PBXFileReference; lastKnownFileType = sourcecode.swift; path = PatchActionPanel.swift; sourceTree = "<group>"; };
		102000000000000000000022 /* NavConfigLoader.swift */ = {isa = PBXFileReference; lastKnownFileType = sourcecode.swift; path = NavConfigLoader.swift; sourceTree = "<group>"; };
		102000000000000000000023 /* BookMarkdownRenderer.swift */ = {isa = PBXFileReference; lastKnownFileType = sourcecode.swift; path = BookMarkdownRenderer.swift; sourceTree = "<group>"; };
		10200000000000000000002A /* BookStylesheetResolver.swift */ = {isa = PBXFileReference; lastKnownFileType = sourcecode.swift; path = BookStylesheetResolver.swift; sourceTree = "<group>"; };
		10200000000000000000002B /* BookloopYamlConfig.swift */ = {isa = PBXFileReference; lastKnownFileType = sourcecode.swift; path = BookloopYamlConfig.swift; sourceTree = "<group>"; };
		10200000000000000000002C /* BookloopThemeCSSGenerator.swift */ = {isa = PBXFileReference; lastKnownFileType = sourcecode.swift; path = BookloopThemeCSSGenerator.swift; sourceTree = "<group>"; };
		10200000000000000000002D /* material-typeset.css */ = {isa = PBXFileReference; lastKnownFileType = text.css; path = material-typeset.css; sourceTree = "<group>"; };
		102000000000000000000024 /* preview.css */ = {isa = PBXFileReference; lastKnownFileType = text.css; path = preview.css; sourceTree = "<group>"; };
		102000000000000000000025 /* preview.js */ = {isa = PBXFileReference; lastKnownFileType = sourcecode.javascript; path = preview.js; sourceTree = "<group>"; };
		102000000000000000000026 /* markdown-it.min.js */ = {isa = PBXFileReference; lastKnownFileType = sourcecode.javascript; path = "markdown-it.min.js"; sourceTree = "<group>"; };
		102000000000000000000027 /* katex.min.js */ = {isa = PBXFileReference; lastKnownFileType = sourcecode.javascript; path = "katex.min.js"; sourceTree = "<group>"; };
		102000000000000000000028 /* katex-auto-render.min.js */ = {isa = PBXFileReference; lastKnownFileType = sourcecode.javascript; path = "katex-auto-render.min.js"; sourceTree = "<group>"; };
		102000000000000000000029 /* katex.min.css */ = {isa = PBXFileReference; lastKnownFileType = text.css; path = "katex.min.css"; sourceTree = "<group>"; };
/* End PBXFileReference section */

/* Begin PBXFrameworksBuildPhase section */
		103000000000000000000001 /* Frameworks */ = {
			isa = PBXFrameworksBuildPhase;
			buildActionMask = 2147483647;
			files = (
				10C000000000000000000001 /* Yams in Frameworks */,
			);
			runOnlyForDeploymentPostprocessing = 0;
		};
/* End PBXFrameworksBuildPhase section */

/* Begin PBXGroup section */
		104000000000000000000001 = {
			isa = PBXGroup;
			children = (
				104000000000000000000003 /* BookLoop */,
				104000000000000000000002 /* Products */,
			);
			sourceTree = "<group>";
		};
		104000000000000000000002 /* Products */ = {
			isa = PBXGroup;
			children = (
				102000000000000000000008 /* BookLoop.app */,
			);
			name = Products;
			sourceTree = "<group>";
		};
		104000000000000000000003 /* BookLoop */ = {
			isa = PBXGroup;
			children = (
				102000000000000000000001 /* BookLoopApp.swift */,
				104000000000000000000004 /* Models */,
				104000000000000000000005 /* Stores */,
				104000000000000000000006 /* Services */,
				10400000000000000000000A /* Project */,
				10400000000000000000000B /* Agent */,
				10400000000000000000000C /* Tools */,
				10400000000000000000000D /* OpenAI */,
				104000000000000000000007 /* Views */,
				104000000000000000000008 /* Web */,
				10400000000000000000000E /* Preview */,
				104000000000000000000009 /* Utilities */,
			);
			path = BookLoop;
			sourceTree = "<group>";
		};
		104000000000000000000004 /* Models */ = {
			isa = PBXGroup;
			children = (
				102000000000000000000002 /* Models.swift */,
				102000000000000000000009 /* ChapterNavModels.swift */,
				10200000000000000000000A /* ChatModels.swift */,
			);
			path = Models;
			sourceTree = "<group>";
		};
		104000000000000000000005 /* Stores */ = {
			isa = PBXGroup;
			children = (
				102000000000000000000003 /* Stores.swift */,
				10200000000000000000000B /* AppSettingsStore.swift */,
			);
			path = Stores;
			sourceTree = "<group>";
		};
		104000000000000000000006 /* Services */ = {
			isa = PBXGroup;
			children = (
				102000000000000000000004 /* Services.swift */,
				10200000000000000000000C /* KeychainStore.swift */,
				10200000000000000000000D /* OpenAIClient.swift */,
			);
			path = Services;
			sourceTree = "<group>";
		};
		104000000000000000000007 /* Views */ = {
			isa = PBXGroup;
			children = (
				10200000000000000000000F /* ContentView.swift */,
				102000000000000000000010 /* LibrarySidebarView.swift */,
				102000000000000000000011 /* BookPreviewView.swift */,
				102000000000000000000012 /* ChatPanelView.swift */,
				102000000000000000000013 /* AppSettingsView.swift */,
				10200000000000000000001F /* AgentPanelView.swift */,
				102000000000000000000005 /* Views.swift */,
				102000000000000000000021 /* PatchActionPanel.swift */,
			);
			path = Views;
			sourceTree = "<group>";
		};
		104000000000000000000008 /* Web */ = {
			isa = PBXGroup;
			children = (
				102000000000000000000006 /* WebView.swift */,
			);
			path = Web;
			sourceTree = "<group>";
		};
		104000000000000000000009 /* Utilities */ = {
			isa = PBXGroup;
			children = (
				102000000000000000000007 /* Utilities.swift */,
				10200000000000000000000E /* URLHelpers.swift */,
			);
			path = Utilities;
			sourceTree = "<group>";
		};
		10400000000000000000000A /* Project */ = {
			isa = PBXGroup;
			children = (
				102000000000000000000014 /* BookProjectConfig.swift */,
				102000000000000000000015 /* ProjectMap.swift */,
				102000000000000000000016 /* ProjectPathGuard.swift */,
				102000000000000000000017 /* ProjectScanner.swift */,
				102000000000000000000018 /* SearchIndex.swift */,
				102000000000000000000019 /* BookProject.swift */,
			);
			path = Project;
			sourceTree = "<group>";
		};
		10400000000000000000000B /* Agent */ = {
			isa = PBXGroup;
			children = (
				10200000000000000000001D /* AgentModels.swift */,
				10200000000000000000001E /* BookAgent.swift */,
				102000000000000000000020 /* AgentPatchExporter.swift */,
			);
			path = Agent;
			sourceTree = "<group>";
		};
		10400000000000000000000C /* Tools */ = {
			isa = PBXGroup;
			children = (
				10200000000000000000001A /* ProcessRunner.swift */,
				10200000000000000000001B /* AgentTools.swift */,
			);
			path = Tools;
			sourceTree = "<group>";
		};
		10400000000000000000000D /* OpenAI */ = {
			isa = PBXGroup;
			children = (
				10200000000000000000001C /* OpenAIToolModels.swift */,
			);
			path = OpenAI;
			sourceTree = "<group>";
		};
		10400000000000000000000E /* Preview */ = {
			isa = PBXGroup;
			children = (
				102000000000000000000022 /* NavConfigLoader.swift */,
				102000000000000000000023 /* BookMarkdownRenderer.swift */,
				10200000000000000000002A /* BookStylesheetResolver.swift */,
				10200000000000000000002B /* BookloopYamlConfig.swift */,
				10200000000000000000002C /* BookloopThemeCSSGenerator.swift */,
				10400000000000000000000F /* Resources */,
			);
			path = Preview;
			sourceTree = "<group>";
		};
		10400000000000000000000F /* Resources */ = {
			isa = PBXGroup;
			children = (
				102000000000000000000024 /* preview.css */,
				10200000000000000000002D /* material-typeset.css */,
				102000000000000000000025 /* preview.js */,
				102000000000000000000026 /* markdown-it.min.js */,
				102000000000000000000027 /* katex.min.js */,
				102000000000000000000028 /* katex-auto-render.min.js */,
				102000000000000000000029 /* katex.min.css */,
			);
			path = Resources;
			sourceTree = "<group>";
		};
/* End PBXGroup section */

/* Begin PBXNativeTarget section */
		105000000000000000000001 /* BookLoop */ = {
			isa = PBXNativeTarget;
			buildConfigurationList = 109000000000000000000002 /* Build configuration list for PBXNativeTarget "BookLoop" */;
			buildPhases = (
				107000000000000000000001 /* Sources */,
				103000000000000000000001 /* Frameworks */,
				108000000000000000000001 /* Resources */,
			);
			buildRules = (
			);
			dependencies = (
			);
			name = BookLoop;
			packageProductDependencies = (
				10B000000000000000000001 /* Yams */,
			);
			productName = BookLoop;
			productReference = 102000000000000000000008 /* BookLoop.app */;
			productType = "com.apple.product-type.application";
		};
/* End PBXNativeTarget section */

/* Begin PBXProject section */
		106000000000000000000001 /* Project object */ = {
			isa = PBXProject;
			attributes = {
				BuildIndependentTargetsInParallel = 1;
				LastSwiftUpdateCheck = 1600;
				LastUpgradeCheck = 1600;
				TargetAttributes = {
					105000000000000000000001 = {
						CreatedOnToolsVersion = 16.0;
					};
				};
			};
			buildConfigurationList = 109000000000000000000001 /* Build configuration list for PBXProject "BookLoop" */;
			compatibilityVersion = "Xcode 14.0";
			developmentRegion = en;
			hasScannedForEncodings = 0;
			knownRegions = (
				en,
				Base,
			);
			mainGroup = 104000000000000000000001;
			packageReferences = (
				10A000000000000000000001 /* XCRemoteSwiftPackageReference "Yams" */,
			);
			productRefGroup = 104000000000000000000002 /* Products */;
			projectDirPath = "";
			projectRoot = "";
			targets = (
				105000000000000000000001 /* BookLoop */,
			);
		};
/* End PBXProject section */

/* Begin PBXResourcesBuildPhase section */
		108000000000000000000001 /* Resources */ = {
			isa = PBXResourcesBuildPhase;
			buildActionMask = 2147483647;
			files = (
				101000000000000000000023 /* preview.css in Resources */,
				10100000000000000000002C /* material-typeset.css in Resources */,
				101000000000000000000024 /* preview.js in Resources */,
				101000000000000000000025 /* markdown-it.min.js in Resources */,
				101000000000000000000026 /* katex.min.js in Resources */,
				101000000000000000000027 /* katex-auto-render.min.js in Resources */,
				101000000000000000000028 /* katex.min.css in Resources */,
			);
			runOnlyForDeploymentPostprocessing = 0;
		};
/* End PBXResourcesBuildPhase section */

/* Begin PBXSourcesBuildPhase section */
		107000000000000000000001 /* Sources */ = {
			isa = PBXSourcesBuildPhase;
			buildActionMask = 2147483647;
			files = (
				101000000000000000000001 /* BookLoopApp.swift in Sources */,
				101000000000000000000002 /* Models.swift in Sources */,
				101000000000000000000003 /* Stores.swift in Sources */,
				101000000000000000000004 /* Services.swift in Sources */,
				101000000000000000000005 /* Views.swift in Sources */,
				101000000000000000000006 /* WebView.swift in Sources */,
				101000000000000000000007 /* Utilities.swift in Sources */,
				101000000000000000000008 /* ChapterNavModels.swift in Sources */,
				101000000000000000000009 /* ChatModels.swift in Sources */,
				10100000000000000000000A /* AppSettingsStore.swift in Sources */,
				10100000000000000000000B /* KeychainStore.swift in Sources */,
				10100000000000000000000C /* OpenAIClient.swift in Sources */,
				10100000000000000000000D /* URLHelpers.swift in Sources */,
				10100000000000000000000E /* ContentView.swift in Sources */,
				10100000000000000000000F /* LibrarySidebarView.swift in Sources */,
				101000000000000000000010 /* BookPreviewView.swift in Sources */,
				101000000000000000000011 /* ChatPanelView.swift in Sources */,
				101000000000000000000012 /* AppSettingsView.swift in Sources */,
				101000000000000000000013 /* BookProjectConfig.swift in Sources */,
				101000000000000000000014 /* ProjectMap.swift in Sources */,
				101000000000000000000015 /* ProjectPathGuard.swift in Sources */,
				101000000000000000000016 /* ProjectScanner.swift in Sources */,
				101000000000000000000017 /* SearchIndex.swift in Sources */,
				101000000000000000000018 /* BookProject.swift in Sources */,
				101000000000000000000019 /* ProcessRunner.swift in Sources */,
				10100000000000000000001A /* AgentTools.swift in Sources */,
				10100000000000000000001B /* OpenAIToolModels.swift in Sources */,
				10100000000000000000001C /* AgentModels.swift in Sources */,
				10100000000000000000001D /* BookAgent.swift in Sources */,
				10100000000000000000001E /* AgentPanelView.swift in Sources */,
				10100000000000000000001F /* AgentPatchExporter.swift in Sources */,
				101000000000000000000020 /* PatchActionPanel.swift in Sources */,
				101000000000000000000021 /* NavConfigLoader.swift in Sources */,
				101000000000000000000022 /* BookMarkdownRenderer.swift in Sources */,
				101000000000000000000029 /* BookStylesheetResolver.swift in Sources */,
				10100000000000000000002A /* BookloopYamlConfig.swift in Sources */,
				10100000000000000000002B /* BookloopThemeCSSGenerator.swift in Sources */,
			);
			runOnlyForDeploymentPostprocessing = 0;
		};
/* End PBXSourcesBuildPhase section */

/* Begin XCBuildConfiguration section */
		110000000000000000000001 /* Debug */ = {
			isa = XCBuildConfiguration;
			buildSettings = {
				ALWAYS_SEARCH_USER_PATHS = NO;
				CLANG_ANALYZER_NONNULL = YES;
				CLANG_ANALYZER_NUMBER_OBJECT_CONVERSION = YES_AGGRESSIVE;
				CLANG_CXX_LANGUAGE_STANDARD = "gnu++20";
				CLANG_ENABLE_MODULES = YES;
				CLANG_ENABLE_OBJC_ARC = YES;
				CLANG_ENABLE_OBJC_WEAK = YES;
				CLANG_WARN_BLOCK_CAPTURE_AUTORELEASING = YES;
				CLANG_WARN_BOOL_CONVERSION = YES;
				CLANG_WARN_COMMA = YES;
				CLANG_WARN_CONSTANT_CONVERSION = YES;
				CLANG_WARN_DEPRECATED_OBJC_IMPLEMENTATIONS = YES;
				CLANG_WARN_DIRECT_OBJC_ISA_USAGE = YES_ERROR;
				CLANG_WARN_DOCUMENTATION_COMMENTS = YES;
				CLANG_WARN_EMPTY_BODY = YES;
				CLANG_WARN_ENUM_CONVERSION = YES;
				CLANG_WARN_INFINITE_RECURSION = YES;
				CLANG_WARN_INT_CONVERSION = YES;
				CLANG_WARN_NON_LITERAL_NULL_CONVERSION = YES;
				CLANG_WARN_OBJC_IMPLICIT_RETAIN_SELF = YES;
				CLANG_WARN_OBJC_LITERAL_CONVERSION = YES;
				CLANG_WARN_OBJC_ROOT_CLASS = YES_ERROR;
				CLANG_WARN_QUOTED_INCLUDE_IN_FRAMEWORK_HEADER = YES;
				CLANG_WARN_RANGE_LOOP_ANALYSIS = YES;
				CLANG_WARN_STRICT_PROTOTYPES = YES;
				CLANG_WARN_SUSPICIOUS_MOVE = YES;
				CLANG_WARN_UNGUARDED_AVAILABILITY = YES_AGGRESSIVE;
				CLANG_WARN_UNREACHABLE_CODE = YES;
				CLANG_WARN__DUPLICATE_METHOD_MATCH = YES;
				COPY_PHASE_STRIP = NO;
				DEBUG_INFORMATION_FORMAT = dwarf;
				ENABLE_STRICT_OBJC_MSGSEND = YES;
				ENABLE_TESTABILITY = YES;
				ENABLE_USER_SCRIPT_SANDBOXING = YES;
				GCC_C_LANGUAGE_STANDARD = gnu17;
				GCC_DYNAMIC_NO_PIC = NO;
				GCC_NO_COMMON_BLOCKS = YES;
				GCC_OPTIMIZATION_LEVEL = 0;
				GCC_PREPROCESSOR_DEFINITIONS = (
					"DEBUG=1",
					"$(inherited)",
				);
				GCC_WARN_64_TO_32_BIT_CONVERSION = YES;
				GCC_WARN_ABOUT_RETURN_TYPE = YES_ERROR;
				GCC_WARN_UNDECLARED_SELECTOR = YES;
				GCC_WARN_UNINITIALIZED_AUTOS = YES_AGGRESSIVE;
				GCC_WARN_UNUSED_FUNCTION = YES;
				GCC_WARN_UNUSED_VARIABLE = YES;
				LOCALIZATION_PREFERS_STRING_CATALOGS = YES;
				MACOSX_DEPLOYMENT_TARGET = 14.0;
				MTL_ENABLE_DEBUG_INFO = INCLUDE_SOURCE;
				MTL_FAST_MATH = YES;
				ONLY_ACTIVE_ARCH = YES;
				SDKROOT = macosx;
				SWIFT_ACTIVE_COMPILATION_CONDITIONS = "DEBUG $(inherited)";
				SWIFT_OPTIMIZATION_LEVEL = "-Onone";
			};
			name = Debug;
		};
		110000000000000000000002 /* Release */ = {
			isa = XCBuildConfiguration;
			buildSettings = {
				ALWAYS_SEARCH_USER_PATHS = NO;
				CLANG_ANALYZER_NONNULL = YES;
				CLANG_ANALYZER_NUMBER_OBJECT_CONVERSION = YES_AGGRESSIVE;
				CLANG_CXX_LANGUAGE_STANDARD = "gnu++20";
				CLANG_ENABLE_MODULES = YES;
				CLANG_ENABLE_OBJC_ARC = YES;
				CLANG_ENABLE_OBJC_WEAK = YES;
				CLANG_WARN_BLOCK_CAPTURE_AUTORELEASING = YES;
				CLANG_WARN_BOOL_CONVERSION = YES;
				CLANG_WARN_COMMA = YES;
				CLANG_WARN_CONSTANT_CONVERSION = YES;
				CLANG_WARN_DEPRECATED_OBJC_IMPLEMENTATIONS = YES;
				CLANG_WARN_DIRECT_OBJC_ISA_USAGE = YES_ERROR;
				CLANG_WARN_DOCUMENTATION_COMMENTS = YES;
				CLANG_WARN_EMPTY_BODY = YES;
				CLANG_WARN_ENUM_CONVERSION = YES;
				CLANG_WARN_INFINITE_RECURSION = YES;
				CLANG_WARN_INT_CONVERSION = YES;
				CLANG_WARN_NON_LITERAL_NULL_CONVERSION = YES;
				CLANG_WARN_OBJC_IMPLICIT_RETAIN_SELF = YES;
				CLANG_WARN_OBJC_LITERAL_CONVERSION = YES;
				CLANG_WARN_OBJC_ROOT_CLASS = YES_ERROR;
				CLANG_WARN_QUOTED_INCLUDE_IN_FRAMEWORK_HEADER = YES;
				CLANG_WARN_RANGE_LOOP_ANALYSIS = YES;
				CLANG_WARN_STRICT_PROTOTYPES = YES;
				CLANG_WARN_SUSPICIOUS_MOVE = YES;
				CLANG_WARN_UNGUARDED_AVAILABILITY = YES_AGGRESSIVE;
				CLANG_WARN_UNREACHABLE_CODE = YES;
				CLANG_WARN__DUPLICATE_METHOD_MATCH = YES;
				COPY_PHASE_STRIP = NO;
				DEBUG_INFORMATION_FORMAT = "dwarf-with-dsym";
				ENABLE_NS_ASSERTIONS = NO;
				ENABLE_STRICT_OBJC_MSGSEND = YES;
				ENABLE_USER_SCRIPT_SANDBOXING = YES;
				GCC_C_LANGUAGE_STANDARD = gnu17;
				GCC_NO_COMMON_BLOCKS = YES;
				GCC_WARN_64_TO_32_BIT_CONVERSION = YES;
				GCC_WARN_ABOUT_RETURN_TYPE = YES_ERROR;
				GCC_WARN_UNDECLARED_SELECTOR = YES;
				GCC_WARN_UNINITIALIZED_AUTOS = YES_AGGRESSIVE;
				GCC_WARN_UNUSED_FUNCTION = YES;
				GCC_WARN_UNUSED_VARIABLE = YES;
				LOCALIZATION_PREFERS_STRING_CATALOGS = YES;
				MACOSX_DEPLOYMENT_TARGET = 14.0;
				MTL_ENABLE_DEBUG_INFO = NO;
				MTL_FAST_MATH = YES;
				SDKROOT = macosx;
				SWIFT_COMPILATION_MODE = wholemodule;
				VALIDATE_PRODUCT = YES;
			};
			name = Release;
		};
		110000000000000000000003 /* Debug */ = {
			isa = XCBuildConfiguration;
			buildSettings = {
				ASSETCATALOG_COMPILER_GLOBAL_ACCENT_COLOR_NAME = AccentColor;
				CODE_SIGN_STYLE = Automatic;
				COMBINE_HIDPI_IMAGES = YES;
				CURRENT_PROJECT_VERSION = 1;
				DEVELOPMENT_ASSET_PATHS = "";
				ENABLE_HARDENED_RUNTIME = YES;
				GENERATE_INFOPLIST_FILE = YES;
				INFOPLIST_KEY_CFBundleDisplayName = BookLoop;
				INFOPLIST_KEY_LSApplicationCategoryType = "public.app-category.productivity";
				MARKETING_VERSION = 1.0;
				PRODUCT_BUNDLE_IDENTIFIER = com.bookloop.app;
				PRODUCT_NAME = BookLoop;
				SWIFT_EMIT_LOC_STRINGS = YES;
				SWIFT_VERSION = 5.0;
			};
			name = Debug;
		};
		110000000000000000000004 /* Release */ = {
			isa = XCBuildConfiguration;
			buildSettings = {
				ASSETCATALOG_COMPILER_GLOBAL_ACCENT_COLOR_NAME = AccentColor;
				CODE_SIGN_STYLE = Automatic;
				COMBINE_HIDPI_IMAGES = YES;
				CURRENT_PROJECT_VERSION = 1;
				DEVELOPMENT_ASSET_PATHS = "";
				ENABLE_HARDENED_RUNTIME = YES;
				GENERATE_INFOPLIST_FILE = YES;
				INFOPLIST_KEY_CFBundleDisplayName = BookLoop;
				INFOPLIST_KEY_LSApplicationCategoryType = "public.app-category.productivity";
				MARKETING_VERSION = 1.0;
				PRODUCT_BUNDLE_IDENTIFIER = com.bookloop.app;
				PRODUCT_NAME = BookLoop;
				SWIFT_EMIT_LOC_STRINGS = YES;
				SWIFT_VERSION = 5.0;
			};
			name = Release;
		};
/* End XCBuildConfiguration section */

/* Begin XCConfigurationList section */
		109000000000000000000001 /* Build configuration list for PBXProject "BookLoop" */ = {
			isa = XCConfigurationList;
			buildConfigurations = (
				110000000000000000000001 /* Debug */,
				110000000000000000000002 /* Release */,
			);
			defaultConfigurationIsVisible = 0;
			defaultConfigurationName = Release;
		};
		109000000000000000000002 /* Build configuration list for PBXNativeTarget "BookLoop" */ = {
			isa = XCConfigurationList;
			buildConfigurations = (
				110000000000000000000003 /* Debug */,
				110000000000000000000004 /* Release */,
			);
			defaultConfigurationIsVisible = 0;
			defaultConfigurationName = Release;
		};
/* End XCConfigurationList section */

/* Begin XCRemoteSwiftPackageReference section */
		10A000000000000000000001 /* XCRemoteSwiftPackageReference "Yams" */ = {
			isa = XCRemoteSwiftPackageReference;
			repositoryURL = "https://github.com/jpsim/Yams.git";
			requirement = {
				kind = upToNextMajorVersion;
				minimumVersion = 5.0.0;
			};
		};
/* End XCRemoteSwiftPackageReference section */

/* Begin XCSwiftPackageProductDependency section */
		10B000000000000000000001 /* Yams */ = {
			isa = XCSwiftPackageProductDependency;
			package = 10A000000000000000000001 /* XCRemoteSwiftPackageReference "Yams" */;
			productName = Yams;
		};
/* End XCSwiftPackageProductDependency section */
	};
	rootObject = 106000000000000000000001 /* Project object */;
}
